github.com/FishGoddess/logit v0.3.3 h1:qnxPIvq8YXGwG9y59Sk0hjoArOzWukQQqIsPT3dh3Xw=
github.com/FishGoddess/logit v0.3.3/go.mod h1:a2dFSibwfZXNNZ/V1jMOQBImPoySaxdPFThbsm17ZdY=
golang.org/x/sync v0.0.0-20210220032951-036812b2e83c h1:5KslGYwFpkhGh+Q16bwMP3cOontH8FOep7tGV86Y7SQ=
golang.org/x/sync v0.0.0-20210220032951-036812b2e83c/go.mod h1:RxMgew5VJxzue5/jJTE5uejpjVlOe/izrB70Jof72aM=
